{
  "name": "@dubwerkz/agent-skills-cli",
  "version": "1.0.15",
  "lockfileVersion": 3,
  "requires": true,
  "packages": {
    "": {
      "name": "@dubwerkz/agent-skills-cli",
      "version": "1.0.15",
      "license": "MIT",
      "bin": {
        "agent-skills": "bin/agent-skills.js"
      },
      "engines": {
        "node": ">=18"
      }
    }
  }
}
