{
  "name": "@dubwerkz/agent-skills-cli",
  "version": "1.0.15",
  "lockfileVersion": 3,
  "requires": true,
  "packages": {
    "": {
      "name": "@dubwerkz/agent-skills-cli",
      "version": "1.0.15",
      "license": "MIT",
      "dependencies": {
        "@dubwerkz/agent-skills-cli": "^1.0.15"
      },
      "bin": {
        "agent-skills": "bin/agent-skills.js"
      },
      "engines": {
        "node": ">=18"
      }
    },
    "node_modules/@dubwerkz/agent-skills-cli": {
      "version": "1.0.15",
      "resolved": "https://registry.npmjs.org/@dubwerkz/agent-skills-cli/-/agent-skills-cli-1.0.15.tgz",
      "integrity": "sha512-XIR2BF5Y/zB5Fg214CZuS80ja71yY7jDv7FTuVeEMsUV+bim5Zq5zA4HLlOyb9QnX9/D5TvitoFYTriP/dKx5Q==",
      "license": "MIT",
      "bin": {
        "agent-skills": "bin/agent-skills.js"
      },
      "engines": {
        "node": ">=18"
      }
    }
  }
}
